# Generated by athena lock. Do not edit.

build==1.5.0 \
    --hash=sha256:13f3eecb844759ab66efec90ca17639bbf14dc06cb2fdf37a9010322d9c50a6f
click==8.4.2 \
    --hash=sha256:e6f9f66136c816745b9d65817da91d61d957fb16e02e4dcd0552553c5a197b76
coverage==7.14.3 \
    --hash=sha256:0ee68f5c34812780f3a7063382c0a9fcbb99985b7ddcdcaa626e4f3fb2e0783a \
    --hash=sha256:621e13c6108234d7960aaf5762ab5c3c00f33c30c15af06dcbff0c73bf112727 \
    --hash=sha256:7ea52fc08f007bcc494d4bb3df3851e95843d881860ba38fe2c64dc100db5e7d \
    --hash=sha256:96150a9cf3468ea20f0bc5d0e21b3df8972c31480ef90fa7614b773cc6429665 \
    --hash=sha256:98a0859b0e98e43e1178a9402e19c8127766b14f7109a374d976e5a62c0e5c73 \
    --hash=sha256:b3d77f7f196abdef7e01415de1bce09f216189e83e58159cfeef2b92d0464994
deptry==0.25.1 \
    --hash=sha256:14bfcc28b4326ed8c6abb30691b19077d4ef8613cfba6c37ef5b1f471775bf6f \
    --hash=sha256:b59a560cb7dffb21832a98bb80d33d614cfb5630ea36ce21833eabf4eae3df99 \
    --hash=sha256:c67c666d916ef12013c0772e40d78be0f21577a495d8d99ec5fcb18c332d393d
hypothesis==6.155.7 \
    --hash=sha256:9f634bdb1f9e9b8ab6ba09431cf2deedb750c96978125a6fb3c5a0f6c6db4131
nodeenv==1.10.0 \
    --hash=sha256:5bb13e3eed2923615535339b3c620e76779af4cb4c6a90deccc9e36b274d3827
nodejs-wheel-binaries==24.16.0 \
    --hash=sha256:2f3036292811514ba847b3708492644764f88a833ac425c5f55007014308ddfd \
    --hash=sha256:bb136be9944f0662dcf1120f45193a6b75b13fac378971a95cc42c9f879a81aa \
    --hash=sha256:d9f8f677dcf30e37ac244f07869726abe043f01eb0f45722b1df31cc2af7093c
packaging==26.2 \
    --hash=sha256:5fc45236b9446107ff2415ce77c807cee2862cb6fac22b8a73826d0693b0980e
pyproject-hooks==1.2.0 \
    --hash=sha256:9e5c6bfa8dcc30091c74b0cf803c81fdd29d94f01992a7707bc97babb1141913
pyright==1.1.411 \
    --hash=sha256:dc7c72a8e2700c55baa127554040e067041ea53ccfd50bf96308cc4291c7d5d9
requirements-parser==0.13.1 \
    --hash=sha256:6e385663eb32589d16e5b22bb6e5251a57908e73803ffff438b53cd6ea2056e0
ruff==0.15.20 \
    --hash=sha256:309809086c2acb67624950a3c8133e80f32d0d3e27106c0cd60ff26657c9f24b \
    --hash=sha256:a525c81c70fb0380344dd1d8745d8cc1c890b7fc94a58d5a07bd8eb9557b8415 \
    --hash=sha256:c5b16cdd67ca108185cd36dce98c576350c03b1660a751de725fb049193a0632
sortedcontainers==2.4.0 \
    --hash=sha256:a163dcaede0f1c021485e957a39245190e74249897e2ae4b2aa38595db237ee0
tomli==2.4.1 \
    --hash=sha256:136443dbd7e1dee43c68ac2694fde36b2849865fa258d39bf822c10e8068eac5 \
    --hash=sha256:52c8ef851d9a240f11a88c003eacb03c31fc1c9c4ec64a99a0f922b93874fda9 \
    --hash=sha256:7f86fd587c4ed9dd76f318225e7d9b29cfc5a9d43de44e5754db8d1128487085 \
    --hash=sha256:8d65a2fbf9d2f8352685bc1364177ee3923d6baf5e7f43ea4959d7d8bc326a36 \
    --hash=sha256:eb0dc4e38e6a1fd579e5d50369aa2e10acfc9cace504579b2faabb478e76941a \
    --hash=sha256:f3c6818a1a86dd6dca7ddcaaf76947d5ba31aecc28cb1b67009a5877c9a64f3f
ty==0.0.55 \
    --hash=sha256:0ddc05e7959709c3b9b83aa627128a80446865e3c1a4882638dcff6d776dc34a \
    --hash=sha256:55032bfd31bf2c5355ee81bdc6407b144a1cc7ee41e5681dd1368e4cef2ba327 \
    --hash=sha256:bf39cbfdc0add44d94bd3fff1f53c351418d134b6a66b87efdb7876d7b7a2224
typing-extensions==4.15.0 \
    --hash=sha256:f0fa19c6845758ab08074a0cfa8b7aecb71c999ca73d62883bc25cc018c4e548
metrostar-athena==4.3.1 \
    --hash=sha256:b8671f5eb6aed766fa188b058e38b83b8fcaa74567072517327fb3683df03ae6
